{
  "nodes": {
    "home-manager": {
      "inputs": {
        "nixpkgs": [
          "nixpkgs"
        ]
      },
      "locked": {
        "lastModified": 1639871969,
        "narHash": "sha256-6feWUnMygRzA9tzkrfAzpA5/NBYg75bkFxnqb1DtD7E=",
        "owner": "nix-community",
        "repo": "home-manager",
        "rev": "697cc8c68ed6a606296efbbe9614c32537078756",
        "type": "github"
      },
      "original": {
        "owner": "nix-community",
        "ref": "release-21.11",
        "repo": "home-manager",
        "type": "github"
      }
    },
    "nixpkgs": {
      "locked": {
        "lastModified": 1641133846,
        "narHash": "sha256-Ihku3sQCV0jn0DICwZc/pPiX1cPZth3mKZ4GbINedME=",
        "owner": "nixos",
        "repo": "nixpkgs",
        "rev": "158505cfb79690548fdcc77ddd4c8a5e9ca6d641",
        "type": "github"
      },
      "original": {
        "owner": "nixos",
        "ref": "release-21.11",
        "repo": "nixpkgs",
        "type": "github"
      }
    },
    "root": {
      "inputs": {
        "home-manager": "home-manager",
        "nixpkgs": "nixpkgs"
      }
    }
  },
  "root": "root",
  "version": 7
}
